
Microsoft Visual Studio Solution File, Format Version 12.00
# Visual Studio Version 16
VisualStudioVersion = 25.0.1706.11
MinimumVisualStudioVersion = 10.0.40219.1
Project("{FAE04EC0-301F-11D3-BF4B-00C04F79EFBC}") = "TravelPackagesApp.Tests", "TravelPackagesApp.Tests.csproj", "{A262CB5B-020F-411D-B465-B844B8A9294A}"
EndProject
Global
	GlobalSection(SolutionConfigurationPlatforms) = preSolution
		Debug|Any CPU = Debug|Any CPU
		Release|Any CPU = Release|Any CPU
	EndGlobalSection
	GlobalSection(ProjectConfigurationPlatforms) = postSolution
		{A262CB5B-020F-411D-B465-B844B8A9294A}.Debug|Any CPU.ActiveCfg = Debug|Any CPU
		{A262CB5B-020F-411D-B465-B844B8A9294A}.Debug|Any CPU.Build.0 = Debug|Any CPU
		{A262CB5B-020F-411D-B465-B844B8A9294A}.Release|Any CPU.ActiveCfg = Release|Any CPU
		{A262CB5B-020F-411D-B465-B844B8A9294A}.Release|Any CPU.Build.0 = Release|Any CPU
	EndGlobalSection
	GlobalSection(SolutionProperties) = preSolution
		HideSolutionNode = FALSE
	EndGlobalSection
	GlobalSection(ExtensibilityGlobals) = postSolution
		SolutionGuid = {D572516D-C1AB-4B55-9226-8FC7DA6F6A12}
	EndGlobalSection
EndGlobal
